
Microsoft Visual Studio Solution File, Format Version 10.00
# Visual Studio 2008
Project("{2150E333-8FDC-42A3-9474-1A3956D46DE8}") = "Solution Items", "Solution Items", "{BDE0FDB5-2FC6-48B6-BF40-4EA0AB920AFB}"
	ProjectSection(SolutionItems) = preProject
		LearningComponents.vsmdi = LearningComponents.vsmdi
		localtestrun.testrunconfig = localtestrun.testrunconfig
		localtestrun_withcc.testrunconfig = localtestrun_withcc.testrunconfig
	EndProjectSection
EndProject
Project("{FAE04EC0-301F-11D3-BF4B-00C04F79EFBC}") = "LearningComponents", "LearningComponents.csproj", "{AE610073-6C2F-4789-BAF9-8CF1769EC6D7}"
	ProjectSection(ProjectDependencies) = postProject
		{5337BF42-BEC3-4361-8361-1D048CCA05F8} = {5337BF42-BEC3-4361-8361-1D048CCA05F8}
		{6DA765C7-8B21-493F-BA62-5FDFFE6568D7} = {6DA765C7-8B21-493F-BA62-5FDFFE6568D7}
	EndProjectSection
EndProject
Project("{8BC9CEB8-8B4A-11D0-8D11-00A0C91BC942}") = "Schema", "..\Schema\Schema.vcproj", "{5337BF42-BEC3-4361-8361-1D048CCA05F8}"
	ProjectSection(ProjectDependencies) = postProject
		{6DA765C7-8B21-493F-BA62-5FDFFE6568D7} = {6DA765C7-8B21-493F-BA62-5FDFFE6568D7}
	EndProjectSection
EndProject
Project("{FAE04EC0-301F-11D3-BF4B-00C04F79EFBC}") = "SchemaCompiler", "..\SchemaCompiler\SchemaCompiler.csproj", "{6DA765C7-8B21-493F-BA62-5FDFFE6568D7}"
EndProject
Project("{FAE04EC0-301F-11D3-BF4B-00C04F79EFBC}") = "Compression", "..\Compression\Compression\Compression.csproj", "{561657B4-176B-4112-A692-D18521C6BA11}"
EndProject
Global
	GlobalSection(SolutionConfigurationPlatforms) = preSolution
		Debug|Any CPU = Debug|Any CPU
		Debug|Mixed Platforms = Debug|Mixed Platforms
		Debug|Win32 = Debug|Win32
		Release|Any CPU = Release|Any CPU
		Release|Mixed Platforms = Release|Mixed Platforms
		Release|Win32 = Release|Win32
	EndGlobalSection
	GlobalSection(ProjectConfigurationPlatforms) = postSolution
		{AE610073-6C2F-4789-BAF9-8CF1769EC6D7}.Debug|Any CPU.ActiveCfg = Debug|Any CPU
		{AE610073-6C2F-4789-BAF9-8CF1769EC6D7}.Debug|Any CPU.Build.0 = Debug|Any CPU
		{AE610073-6C2F-4789-BAF9-8CF1769EC6D7}.Debug|Mixed Platforms.ActiveCfg = Debug|Any CPU
		{AE610073-6C2F-4789-BAF9-8CF1769EC6D7}.Debug|Mixed Platforms.Build.0 = Debug|Any CPU
		{AE610073-6C2F-4789-BAF9-8CF1769EC6D7}.Debug|Win32.ActiveCfg = Debug|Any CPU
		{AE610073-6C2F-4789-BAF9-8CF1769EC6D7}.Release|Any CPU.ActiveCfg = Release|Any CPU
		{AE610073-6C2F-4789-BAF9-8CF1769EC6D7}.Release|Any CPU.Build.0 = Release|Any CPU
		{AE610073-6C2F-4789-BAF9-8CF1769EC6D7}.Release|Mixed Platforms.ActiveCfg = Release|Any CPU
		{AE610073-6C2F-4789-BAF9-8CF1769EC6D7}.Release|Mixed Platforms.Build.0 = Release|Any CPU
		{AE610073-6C2F-4789-BAF9-8CF1769EC6D7}.Release|Win32.ActiveCfg = Release|Any CPU
		{5337BF42-BEC3-4361-8361-1D048CCA05F8}.Debug|Any CPU.ActiveCfg = Debug|Win32
		{5337BF42-BEC3-4361-8361-1D048CCA05F8}.Debug|Any CPU.Build.0 = Debug|Win32
		{5337BF42-BEC3-4361-8361-1D048CCA05F8}.Debug|Mixed Platforms.ActiveCfg = Debug|Win32
		{5337BF42-BEC3-4361-8361-1D048CCA05F8}.Debug|Mixed Platforms.Build.0 = Debug|Win32
		{5337BF42-BEC3-4361-8361-1D048CCA05F8}.Debug|Win32.ActiveCfg = Debug|Win32
		{5337BF42-BEC3-4361-8361-1D048CCA05F8}.Debug|Win32.Build.0 = Debug|Win32
		{5337BF42-BEC3-4361-8361-1D048CCA05F8}.Release|Any CPU.ActiveCfg = Release|Win32
		{5337BF42-BEC3-4361-8361-1D048CCA05F8}.Release|Any CPU.Build.0 = Release|Win32
		{5337BF42-BEC3-4361-8361-1D048CCA05F8}.Release|Mixed Platforms.ActiveCfg = Release|Win32
		{5337BF42-BEC3-4361-8361-1D048CCA05F8}.Release|Mixed Platforms.Build.0 = Release|Win32
		{5337BF42-BEC3-4361-8361-1D048CCA05F8}.Release|Win32.ActiveCfg = Release|Win32
		{5337BF42-BEC3-4361-8361-1D048CCA05F8}.Release|Win32.Build.0 = Release|Win32
		{6DA765C7-8B21-493F-BA62-5FDFFE6568D7}.Debug|Any CPU.ActiveCfg = Debug|Any CPU
		{6DA765C7-8B21-493F-BA62-5FDFFE6568D7}.Debug|Any CPU.Build.0 = Debug|Any CPU
		{6DA765C7-8B21-493F-BA62-5FDFFE6568D7}.Debug|Mixed Platforms.ActiveCfg = Debug|Any CPU
		{6DA765C7-8B21-493F-BA62-5FDFFE6568D7}.Debug|Mixed Platforms.Build.0 = Debug|Any CPU
		{6DA765C7-8B21-493F-BA62-5FDFFE6568D7}.Debug|Win32.ActiveCfg = Debug|Any CPU
		{6DA765C7-8B21-493F-BA62-5FDFFE6568D7}.Release|Any CPU.ActiveCfg = Release|Any CPU
		{6DA765C7-8B21-493F-BA62-5FDFFE6568D7}.Release|Any CPU.Build.0 = Release|Any CPU
		{6DA765C7-8B21-493F-BA62-5FDFFE6568D7}.Release|Mixed Platforms.ActiveCfg = Release|Any CPU
		{6DA765C7-8B21-493F-BA62-5FDFFE6568D7}.Release|Mixed Platforms.Build.0 = Release|Any CPU
		{6DA765C7-8B21-493F-BA62-5FDFFE6568D7}.Release|Win32.ActiveCfg = Release|Any CPU
		{561657B4-176B-4112-A692-D18521C6BA11}.Debug|Any CPU.ActiveCfg = Debug|Any CPU
		{561657B4-176B-4112-A692-D18521C6BA11}.Debug|Any CPU.Build.0 = Debug|Any CPU
		{561657B4-176B-4112-A692-D18521C6BA11}.Debug|Mixed Platforms.ActiveCfg = Debug|Any CPU
		{561657B4-176B-4112-A692-D18521C6BA11}.Debug|Mixed Platforms.Build.0 = Debug|Any CPU
		{561657B4-176B-4112-A692-D18521C6BA11}.Debug|Win32.ActiveCfg = Debug|Any CPU
		{561657B4-176B-4112-A692-D18521C6BA11}.Release|Any CPU.ActiveCfg = Release|Any CPU
		{561657B4-176B-4112-A692-D18521C6BA11}.Release|Any CPU.Build.0 = Release|Any CPU
		{561657B4-176B-4112-A692-D18521C6BA11}.Release|Mixed Platforms.ActiveCfg = Release|Any CPU
		{561657B4-176B-4112-A692-D18521C6BA11}.Release|Mixed Platforms.Build.0 = Release|Any CPU
		{561657B4-176B-4112-A692-D18521C6BA11}.Release|Win32.ActiveCfg = Release|Any CPU
	EndGlobalSection
	GlobalSection(SolutionProperties) = preSolution
		HideSolutionNode = FALSE
	EndGlobalSection
EndGlobal
