
Microsoft Visual Studio Solution File, Format Version 10.00
# Visual Studio 2008
Project("{2150E333-8FDC-42A3-9474-1A3956D46DE8}") = "Solution Items", "Solution Items", "{47696022-89BA-4C4C-AC55-3C5CFBFECE5A}"
	ProjectSection(SolutionItems) = preProject
		Compression1.vsmdi = Compression1.vsmdi
		localtestrun.testrunconfig = localtestrun.testrunconfig
	EndProjectSection
EndProject
Project("{FAE04EC0-301F-11D3-BF4B-00C04F79EFBC}") = "Compression", "Compression\Compression.csproj", "{561657B4-176B-4112-A692-D18521C6BA11}"
EndProject
Project("{FAE04EC0-301F-11D3-BF4B-00C04F79EFBC}") = "CompressionUnitTest", "CompressionUnitTest\CompressionUnitTest.csproj", "{0C637B7D-85EC-4F59-8001-B434BDD72EBB}"
EndProject
Project("{8BC9CEB8-8B4A-11D0-8D11-00A0C91BC942}") = "Microsoft.LearningComponents.MRCI", "MRCI\MRCI.vcproj", "{AAC5277D-606C-42EA-818E-5866480BD380}"
EndProject
Global
	GlobalSection(TestCaseManagementSettings) = postSolution
		CategoryFile = Compression1.vsmdi
	EndGlobalSection
	GlobalSection(SolutionConfigurationPlatforms) = preSolution
		Debug|Any CPU = Debug|Any CPU
		Debug|Mixed Platforms = Debug|Mixed Platforms
		Debug|Pocket PC 2003 (ARMV4) = Debug|Pocket PC 2003 (ARMV4)
		Debug|Win32 = Debug|Win32
		Debug|x64 = Debug|x64
		Release|Any CPU = Release|Any CPU
		Release|Mixed Platforms = Release|Mixed Platforms
		Release|Pocket PC 2003 (ARMV4) = Release|Pocket PC 2003 (ARMV4)
		Release|Win32 = Release|Win32
		Release|x64 = Release|x64
	EndGlobalSection
	GlobalSection(ProjectConfigurationPlatforms) = postSolution
		{561657B4-176B-4112-A692-D18521C6BA11}.Debug|Any CPU.ActiveCfg = Debug|Any CPU
		{561657B4-176B-4112-A692-D18521C6BA11}.Debug|Any CPU.Build.0 = Debug|Any CPU
		{561657B4-176B-4112-A692-D18521C6BA11}.Debug|Mixed Platforms.ActiveCfg = Debug|Any CPU
		{561657B4-176B-4112-A692-D18521C6BA11}.Debug|Mixed Platforms.Build.0 = Debug|Any CPU
		{561657B4-176B-4112-A692-D18521C6BA11}.Debug|Pocket PC 2003 (ARMV4).ActiveCfg = Debug|Any CPU
		{561657B4-176B-4112-A692-D18521C6BA11}.Debug|Win32.ActiveCfg = Debug|Any CPU
		{561657B4-176B-4112-A692-D18521C6BA11}.Debug|Win32.Build.0 = Debug|Any CPU
		{561657B4-176B-4112-A692-D18521C6BA11}.Debug|x64.ActiveCfg = Debug|Any CPU
		{561657B4-176B-4112-A692-D18521C6BA11}.Debug|x64.Build.0 = Debug|Any CPU
		{561657B4-176B-4112-A692-D18521C6BA11}.Release|Any CPU.ActiveCfg = Release|Any CPU
		{561657B4-176B-4112-A692-D18521C6BA11}.Release|Any CPU.Build.0 = Release|Any CPU
		{561657B4-176B-4112-A692-D18521C6BA11}.Release|Mixed Platforms.ActiveCfg = Release|Any CPU
		{561657B4-176B-4112-A692-D18521C6BA11}.Release|Mixed Platforms.Build.0 = Release|Any CPU
		{561657B4-176B-4112-A692-D18521C6BA11}.Release|Pocket PC 2003 (ARMV4).ActiveCfg = Release|Any CPU
		{561657B4-176B-4112-A692-D18521C6BA11}.Release|Win32.ActiveCfg = Release|Any CPU
		{561657B4-176B-4112-A692-D18521C6BA11}.Release|Win32.Build.0 = Release|Any CPU
		{561657B4-176B-4112-A692-D18521C6BA11}.Release|x64.ActiveCfg = Release|Any CPU
		{561657B4-176B-4112-A692-D18521C6BA11}.Release|x64.Build.0 = Release|Any CPU
		{0C637B7D-85EC-4F59-8001-B434BDD72EBB}.Debug|Any CPU.ActiveCfg = Debug|Any CPU
		{0C637B7D-85EC-4F59-8001-B434BDD72EBB}.Debug|Any CPU.Build.0 = Debug|Any CPU
		{0C637B7D-85EC-4F59-8001-B434BDD72EBB}.Debug|Mixed Platforms.ActiveCfg = Debug|Any CPU
		{0C637B7D-85EC-4F59-8001-B434BDD72EBB}.Debug|Mixed Platforms.Build.0 = Debug|Any CPU
		{0C637B7D-85EC-4F59-8001-B434BDD72EBB}.Debug|Pocket PC 2003 (ARMV4).ActiveCfg = Debug|Any CPU
		{0C637B7D-85EC-4F59-8001-B434BDD72EBB}.Debug|Win32.ActiveCfg = Debug|Any CPU
		{0C637B7D-85EC-4F59-8001-B434BDD72EBB}.Debug|Win32.Build.0 = Debug|Any CPU
		{0C637B7D-85EC-4F59-8001-B434BDD72EBB}.Debug|x64.ActiveCfg = Debug|Any CPU
		{0C637B7D-85EC-4F59-8001-B434BDD72EBB}.Debug|x64.Build.0 = Debug|Any CPU
		{0C637B7D-85EC-4F59-8001-B434BDD72EBB}.Release|Any CPU.ActiveCfg = Release|Any CPU
		{0C637B7D-85EC-4F59-8001-B434BDD72EBB}.Release|Any CPU.Build.0 = Release|Any CPU
		{0C637B7D-85EC-4F59-8001-B434BDD72EBB}.Release|Mixed Platforms.ActiveCfg = Release|Any CPU
		{0C637B7D-85EC-4F59-8001-B434BDD72EBB}.Release|Mixed Platforms.Build.0 = Release|Any CPU
		{0C637B7D-85EC-4F59-8001-B434BDD72EBB}.Release|Pocket PC 2003 (ARMV4).ActiveCfg = Release|Any CPU
		{0C637B7D-85EC-4F59-8001-B434BDD72EBB}.Release|Win32.ActiveCfg = Release|Any CPU
		{0C637B7D-85EC-4F59-8001-B434BDD72EBB}.Release|Win32.Build.0 = Release|Any CPU
		{0C637B7D-85EC-4F59-8001-B434BDD72EBB}.Release|x64.ActiveCfg = Release|Any CPU
		{0C637B7D-85EC-4F59-8001-B434BDD72EBB}.Release|x64.Build.0 = Release|Any CPU
		{AAC5277D-606C-42EA-818E-5866480BD380}.Debug|Any CPU.ActiveCfg = Debug|Win32
		{AAC5277D-606C-42EA-818E-5866480BD380}.Debug|Any CPU.Build.0 = Debug|Win32
		{AAC5277D-606C-42EA-818E-5866480BD380}.Debug|Mixed Platforms.ActiveCfg = Debug|Win32
		{AAC5277D-606C-42EA-818E-5866480BD380}.Debug|Mixed Platforms.Build.0 = Debug|Win32
		{AAC5277D-606C-42EA-818E-5866480BD380}.Debug|Pocket PC 2003 (ARMV4).ActiveCfg = Debug|Pocket PC 2003 (ARMV4)
		{AAC5277D-606C-42EA-818E-5866480BD380}.Debug|Pocket PC 2003 (ARMV4).Build.0 = Debug|Pocket PC 2003 (ARMV4)
		{AAC5277D-606C-42EA-818E-5866480BD380}.Debug|Pocket PC 2003 (ARMV4).Deploy.0 = Debug|Pocket PC 2003 (ARMV4)
		{AAC5277D-606C-42EA-818E-5866480BD380}.Debug|Win32.ActiveCfg = Debug|Win32
		{AAC5277D-606C-42EA-818E-5866480BD380}.Debug|Win32.Build.0 = Debug|Win32
		{AAC5277D-606C-42EA-818E-5866480BD380}.Debug|x64.ActiveCfg = Debug|x64
		{AAC5277D-606C-42EA-818E-5866480BD380}.Debug|x64.Build.0 = Debug|x64
		{AAC5277D-606C-42EA-818E-5866480BD380}.Release|Any CPU.ActiveCfg = Release|Win32
		{AAC5277D-606C-42EA-818E-5866480BD380}.Release|Any CPU.Build.0 = Release|Win32
		{AAC5277D-606C-42EA-818E-5866480BD380}.Release|Mixed Platforms.ActiveCfg = Release|Win32
		{AAC5277D-606C-42EA-818E-5866480BD380}.Release|Mixed Platforms.Build.0 = Release|Win32
		{AAC5277D-606C-42EA-818E-5866480BD380}.Release|Pocket PC 2003 (ARMV4).ActiveCfg = Release|Pocket PC 2003 (ARMV4)
		{AAC5277D-606C-42EA-818E-5866480BD380}.Release|Pocket PC 2003 (ARMV4).Build.0 = Release|Pocket PC 2003 (ARMV4)
		{AAC5277D-606C-42EA-818E-5866480BD380}.Release|Pocket PC 2003 (ARMV4).Deploy.0 = Release|Pocket PC 2003 (ARMV4)
		{AAC5277D-606C-42EA-818E-5866480BD380}.Release|Win32.ActiveCfg = Release|Win32
		{AAC5277D-606C-42EA-818E-5866480BD380}.Release|Win32.Build.0 = Release|Win32
		{AAC5277D-606C-42EA-818E-5866480BD380}.Release|x64.ActiveCfg = Release|x64
		{AAC5277D-606C-42EA-818E-5866480BD380}.Release|x64.Build.0 = Release|x64
	EndGlobalSection
	GlobalSection(SolutionProperties) = preSolution
		HideSolutionNode = FALSE
	EndGlobalSection
EndGlobal
