
Microsoft Visual Studio Solution File, Format Version 10.00
# Visual Studio 2008
Project("{FAE04EC0-301F-11D3-BF4B-00C04F79EFBC}") = "CourseManagerConfCs", "CourseManagerConfCs\CourseManagerConfCs.csproj", "{C74240D3-E571-4BE0-B353-14326E46CBEE}"
EndProject
Global
	GlobalSection(TeamFoundationVersionControl) = preSolution
		SccNumberOfProjects = 2
		SccEnterpriseProvider = {4CA58AB2-18FA-4F8D-95D4-32DDF27D184C}
		SccTeamFoundationServer = http://tfsapptier:8080/
		SccLocalPath0 = .
		SccProjectUniqueName1 = CourseManagerConfCs\\CourseManagerConfCs.csproj
		SccProjectName1 = CourseManagerConfCs
		SccLocalPath1 = CourseManagerConfCs
	EndGlobalSection
	GlobalSection(SolutionConfigurationPlatforms) = preSolution
		Debug|Any CPU = Debug|Any CPU
		Release|Any CPU = Release|Any CPU
	EndGlobalSection
	GlobalSection(ProjectConfigurationPlatforms) = postSolution
		{C74240D3-E571-4BE0-B353-14326E46CBEE}.Debug|Any CPU.ActiveCfg = Debug|Any CPU
		{C74240D3-E571-4BE0-B353-14326E46CBEE}.Release|Any CPU.ActiveCfg = Release|Any CPU
		{C74240D3-E571-4BE0-B353-14326E46CBEE}.Release|Any CPU.Build.0 = Release|Any CPU
	EndGlobalSection
	GlobalSection(SolutionProperties) = preSolution
		HideSolutionNode = FALSE
	EndGlobalSection
EndGlobal
