
Microsoft Visual Studio Solution File, Format Version 10.00
# Visual Studio 2008
Project("{FAE04EC0-301F-11D3-BF4B-00C04F79EFBC}") = "LocalizationProviders", "LocalizationProviders\LocalizationProviders.csproj", "{58F7FD8A-4048-42AE-BB19-C568A1B6A7AB}"
EndProject
Global
	GlobalSection(SolutionConfigurationPlatforms) = preSolution
		Debug|Any CPU = Debug|Any CPU
		Release|Any CPU = Release|Any CPU
	EndGlobalSection
	GlobalSection(ProjectConfigurationPlatforms) = postSolution
		{58F7FD8A-4048-42AE-BB19-C568A1B6A7AB}.Debug|Any CPU.ActiveCfg = Debug|Any CPU
		{58F7FD8A-4048-42AE-BB19-C568A1B6A7AB}.Debug|Any CPU.Build.0 = Debug|Any CPU
		{58F7FD8A-4048-42AE-BB19-C568A1B6A7AB}.Release|Any CPU.ActiveCfg = Release|Any CPU
		{58F7FD8A-4048-42AE-BB19-C568A1B6A7AB}.Release|Any CPU.Build.0 = Release|Any CPU
	EndGlobalSection
	GlobalSection(SolutionProperties) = preSolution
		HideSolutionNode = FALSE
	EndGlobalSection
EndGlobal
